// !$*UTF8*$!
{
	archiveVersion = 1;
	classes = {
	};
	objectVersion = 46;
	objects = {

/* Begin PBXBuildFile section */
		008F07F31AC5B25A0029DE68 /* main.jsbundle in Resources */ = {isa = PBXBuildFile; fileRef = 008F07F21AC5B25A0029DE68 /* main.jsbundle */; };
		128748EE1BFDBD3100384F27 /* cyRCTVC.m in Sources */ = {isa = PBXBuildFile; fileRef = 128748ED1BFDBD3100384F27 /* cyRCTVC.m */; settings = {ASSET_TAGS = (); }; };
		128748F11BFDBF3F00384F27 /* cyRCT.m in Sources */ = {isa = PBXBuildFile; fileRef = 128748F01BFDBF3F00384F27 /* cyRCT.m */; settings = {ASSET_TAGS = (); }; };
		12ED0FC61BFDD11700B7F7A6 /* cyRCTBridge.m in Sources */ = {isa = PBXBuildFile; fileRef = 12ED0FC51BFDD11700B7F7A6 /* cyRCTBridge.m */; settings = {ASSET_TAGS = (); }; };
		13B07FBC1A68108700A75B9A /* AppDelegate.m in Sources */ = {isa = PBXBuildFile; fileRef = 13B07FB01A68108700A75B9A /* AppDelegate.m */; };
		13B07FBD1A68108700A75B9A /* LaunchScreen.xib in Resources */ = {isa = PBXBuildFile; fileRef = 13B07FB11A68108700A75B9A /* LaunchScreen.xib */; };
		13B07FBF1A68108700A75B9A /* Images.xcassets in Resources */ = {isa = PBXBuildFile; fileRef = 13B07FB51A68108700A75B9A /* Images.xcassets */; };
		13B07FC11A68108700A75B9A /* main.m in Sources */ = {isa = PBXBuildFile; fileRef = 13B07FB71A68108700A75B9A /* main.m */; };
		554BCDE61B97AD11000A22EB /* MenuViewController.m in Sources */ = {isa = PBXBuildFile; fileRef = 554BCDE41B97AD11000A22EB /* MenuViewController.m */; };
		554BCDE71B97AD11000A22EB /* MenuViewController.xib in Resources */ = {isa = PBXBuildFile; fileRef = 554BCDE51B97AD11000A22EB /* MenuViewController.xib */; };
		55E165A21B97CF37006817EA /* ViewInViewController.m in Sources */ = {isa = PBXBuildFile; fileRef = 55E165A11B97CF37006817EA /* ViewInViewController.m */; };
		55E165AE1B97D55C006817EA /* ViewInViewController.xib in Resources */ = {isa = PBXBuildFile; fileRef = 55E165AD1B97D55C006817EA /* ViewInViewController.xib */; };
		55E165B21B97D878006817EA /* PassingDataViewController.m in Sources */ = {isa = PBXBuildFile; fileRef = 55E165B01B97D878006817EA /* PassingDataViewController.m */; };
		55E165B31B97D878006817EA /* PassingDataViewController.xib in Resources */ = {isa = PBXBuildFile; fileRef = 55E165B11B97D878006817EA /* PassingDataViewController.xib */; };
		55F3379F1B9A39C6001852D9 /* ModalWithNavigatorViewController.m in Sources */ = {isa = PBXBuildFile; fileRef = 55F3379D1B9A39C6001852D9 /* ModalWithNavigatorViewController.m */; };
		55F337A01B9A39C6001852D9 /* ModalWithNavigatorViewController.xib in Resources */ = {isa = PBXBuildFile; fileRef = 55F3379E1B9A39C6001852D9 /* ModalWithNavigatorViewController.xib */; };
		55F337A61B9A41C3001852D9 /* ModalWithNavigatorCoordinator.m in Sources */ = {isa = PBXBuildFile; fileRef = 55F337A51B9A41C3001852D9 /* ModalWithNavigatorCoordinator.m */; };
		D08931D334A9AD7A7DF2B42A /* libPods.a in Frameworks */ = {isa = PBXBuildFile; fileRef = DAD0CDB1D83BECE6F55909D7 /* libPods.a */; };
/* End PBXBuildFile section */

/* Begin PBXFileReference section */
		008F07F21AC5B25A0029DE68 /* main.jsbundle */ = {isa = PBXFileReference; fileEncoding = 4; lastKnownFileType = text; path = main.jsbundle; sourceTree = "<group>"; };
		00E356F11AD99517003FC87E /* Info.plist */ = {isa = PBXFileReference; lastKnownFileType = text.plist.xml; path = Info.plist; sourceTree = "<group>"; };
		00E356F21AD99517003FC87E /* RNEmbeddedAppExampleTests.m */ = {isa = PBXFileReference; lastKnownFileType = sourcecode.c.objc; path = RNEmbeddedAppExampleTests.m; sourceTree = "<group>"; };
		128748EC1BFDBD3100384F27 /* cyRCTVC.h */ = {isa = PBXFileReference; fileEncoding = 4; lastKnownFileType = sourcecode.c.h; path = cyRCTVC.h; sourceTree = "<group>"; };
		128748ED1BFDBD3100384F27 /* cyRCTVC.m */ = {isa = PBXFileReference; fileEncoding = 4; lastKnownFileType = sourcecode.c.objc; path = cyRCTVC.m; sourceTree = "<group>"; };
		128748EF1BFDBF3F00384F27 /* cyRCT.h */ = {isa = PBXFileReference; fileEncoding = 4; lastKnownFileType = sourcecode.c.h; path = cyRCT.h; sourceTree = "<group>"; };
		128748F01BFDBF3F00384F27 /* cyRCT.m */ = {isa = PBXFileReference; fileEncoding = 4; lastKnownFileType = sourcecode.c.objc; path = cyRCT.m; sourceTree = "<group>"; };
		12ED0FC41BFDD11700B7F7A6 /* cyRCTBridge.h */ = {isa = PBXFileReference; fileEncoding = 4; lastKnownFileType = sourcecode.c.h; path = cyRCTBridge.h; sourceTree = "<group>"; };
		12ED0FC51BFDD11700B7F7A6 /* cyRCTBridge.m */ = {isa = PBXFileReference; fileEncoding = 4; lastKnownFileType = sourcecode.c.objc; path = cyRCTBridge.m; sourceTree = "<group>"; };
		13B07F961A680F5B00A75B9A /* RNEmbeddedAppExample.app */ = {isa = PBXFileReference; explicitFileType = wrapper.application; includeInIndex = 0; path = RNEmbeddedAppExample.app; sourceTree = BUILT_PRODUCTS_DIR; };
		13B07FAF1A68108700A75B9A /* AppDelegate.h */ = {isa = PBXFileReference; fileEncoding = 4; lastKnownFileType = sourcecode.c.h; path = AppDelegate.h; sourceTree = "<group>"; };
		13B07FB01A68108700A75B9A /* AppDelegate.m */ = {isa = PBXFileReference; fileEncoding = 4; indentWidth = 4; lastKnownFileType = sourcecode.c.objc; path = AppDelegate.m; sourceTree = "<group>"; tabWidth = 4; };
		13B07FB21A68108700A75B9A /* Base */ = {isa = PBXFileReference; lastKnownFileType = file.xib; name = Base; path = Base.lproj/LaunchScreen.xib; sourceTree = "<group>"; };
		13B07FB51A68108700A75B9A /* Images.xcassets */ = {isa = PBXFileReference; lastKnownFileType = folder.assetcatalog; path = Images.xcassets; sourceTree = "<group>"; };
		13B07FB61A68108700A75B9A /* Info.plist */ = {isa = PBXFileReference; fileEncoding = 4; lastKnownFileType = text.plist.xml; path = Info.plist; sourceTree = "<group>"; };
		13B07FB71A68108700A75B9A /* main.m */ = {isa = PBXFileReference; fileEncoding = 4; lastKnownFileType = sourcecode.c.objc; path = main.m; sourceTree = "<group>"; };
		23F6D9E4608CA79DF5830F55 /* Pods.debug.xcconfig */ = {isa = PBXFileReference; includeInIndex = 1; lastKnownFileType = text.xcconfig; name = Pods.debug.xcconfig; path = "Pods/Target Support Files/Pods/Pods.debug.xcconfig"; sourceTree = "<group>"; };
		554BCDE31B97AD11000A22EB /* MenuViewController.h */ = {isa = PBXFileReference; fileEncoding = 4; indentWidth = 4; lastKnownFileType = sourcecode.c.h; path = MenuViewController.h; sourceTree = "<group>"; tabWidth = 4; };
		554BCDE41B97AD11000A22EB /* MenuViewController.m */ = {isa = PBXFileReference; fileEncoding = 4; indentWidth = 4; lastKnownFileType = sourcecode.c.objc; path = MenuViewController.m; sourceTree = "<group>"; tabWidth = 4; };
		554BCDE51B97AD11000A22EB /* MenuViewController.xib */ = {isa = PBXFileReference; fileEncoding = 4; lastKnownFileType = file.xib; path = MenuViewController.xib; sourceTree = "<group>"; };
		55E165A01B97CF37006817EA /* ViewInViewController.h */ = {isa = PBXFileReference; fileEncoding = 4; indentWidth = 4; lastKnownFileType = sourcecode.c.h; path = ViewInViewController.h; sourceTree = "<group>"; tabWidth = 4; };
		55E165A11B97CF37006817EA /* ViewInViewController.m */ = {isa = PBXFileReference; fileEncoding = 4; indentWidth = 4; lastKnownFileType = sourcecode.c.objc; path = ViewInViewController.m; sourceTree = "<group>"; tabWidth = 4; };
		55E165AD1B97D55C006817EA /* ViewInViewController.xib */ = {isa = PBXFileReference; fileEncoding = 4; lastKnownFileType = file.xib; path = ViewInViewController.xib; sourceTree = "<group>"; };
		55E165AF1B97D878006817EA /* PassingDataViewController.h */ = {isa = PBXFileReference; fileEncoding = 4; indentWidth = 4; lastKnownFileType = sourcecode.c.h; path = PassingDataViewController.h; sourceTree = "<group>"; tabWidth = 4; };
		55E165B01B97D878006817EA /* PassingDataViewController.m */ = {isa = PBXFileReference; fileEncoding = 4; indentWidth = 4; lastKnownFileType = sourcecode.c.objc; path = PassingDataViewController.m; sourceTree = "<group>"; tabWidth = 4; };
		55E165B11B97D878006817EA /* PassingDataViewController.xib */ = {isa = PBXFileReference; fileEncoding = 4; lastKnownFileType = file.xib; path = PassingDataViewController.xib; sourceTree = "<group>"; };
		55F3379C1B9A39C6001852D9 /* ModalWithNavigatorViewController.h */ = {isa = PBXFileReference; fileEncoding = 4; indentWidth = 4; lastKnownFileType = sourcecode.c.h; path = ModalWithNavigatorViewController.h; sourceTree = "<group>"; tabWidth = 4; };
		55F3379D1B9A39C6001852D9 /* ModalWithNavigatorViewController.m */ = {isa = PBXFileReference; fileEncoding = 4; indentWidth = 4; lastKnownFileType = sourcecode.c.objc; path = ModalWithNavigatorViewController.m; sourceTree = "<group>"; tabWidth = 4; };
		55F3379E1B9A39C6001852D9 /* ModalWithNavigatorViewController.xib */ = {isa = PBXFileReference; fileEncoding = 4; lastKnownFileType = file.xib; path = ModalWithNavigatorViewController.xib; sourceTree = "<group>"; };
		55F337A41B9A41C3001852D9 /* ModalWithNavigatorCoordinator.h */ = {isa = PBXFileReference; fileEncoding = 4; lastKnownFileType = sourcecode.c.h; path = ModalWithNavigatorCoordinator.h; sourceTree = "<group>"; };
		55F337A51B9A41C3001852D9 /* ModalWithNavigatorCoordinator.m */ = {isa = PBXFileReference; fileEncoding = 4; lastKnownFileType = sourcecode.c.objc; path = ModalWithNavigatorCoordinator.m; sourceTree = "<group>"; };
		DAD0CDB1D83BECE6F55909D7 /* libPods.a */ = {isa = PBXFileReference; explicitFileType = archive.ar; includeInIndex = 0; path = libPods.a; sourceTree = BUILT_PRODUCTS_DIR; };
		F9A8415F62BA7A2CE040A9BD /* Pods.release.xcconfig */ = {isa = PBXFileReference; includeInIndex = 1; lastKnownFileType = text.xcconfig; name = Pods.release.xcconfig; path = "Pods/Target Support Files/Pods/Pods.release.xcconfig"; sourceTree = "<group>"; };
/* End PBXFileReference section */

/* Begin PBXFrameworksBuildPhase section */
		13B07F8C1A680F5B00A75B9A /* Frameworks */ = {
			isa = PBXFrameworksBuildPhase;
			buildActionMask = 2147483647;
			files = (
				D08931D334A9AD7A7DF2B42A /* libPods.a in Frameworks */,
			);
			runOnlyForDeploymentPostprocessing = 0;
		};
/* End PBXFrameworksBuildPhase section */

/* Begin PBXGroup section */
		00E356EF1AD99517003FC87E /* RNEmbeddedAppExampleTests */ = {
			isa = PBXGroup;
			children = (
				00E356F21AD99517003FC87E /* RNEmbeddedAppExampleTests.m */,
				00E356F01AD99517003FC87E /* Supporting Files */,
			);
			path = RNEmbeddedAppExampleTests;
			sourceTree = "<group>";
		};
		00E356F01AD99517003FC87E /* Supporting Files */ = {
			isa = PBXGroup;
			children = (
				00E356F11AD99517003FC87E /* Info.plist */,
			);
			name = "Supporting Files";
			sourceTree = "<group>";
		};
		13B07FAE1A68108700A75B9A /* RNEmbeddedAppExample */ = {
			isa = PBXGroup;
			children = (
				55F3379A1B9A3989001852D9 /* ViewInVIew */,
				55F3379B1B9A3990001852D9 /* PassingData */,
				55F3378F1B9A3973001852D9 /* ModalWithNavigator */,
				13B07FAF1A68108700A75B9A /* AppDelegate.h */,
				13B07FB01A68108700A75B9A /* AppDelegate.m */,
				554BCDE31B97AD11000A22EB /* MenuViewController.h */,
				554BCDE41B97AD11000A22EB /* MenuViewController.m */,
				554BCDE51B97AD11000A22EB /* MenuViewController.xib */,
				13B07FB51A68108700A75B9A /* Images.xcassets */,
				13B07FB61A68108700A75B9A /* Info.plist */,
				13B07FB11A68108700A75B9A /* LaunchScreen.xib */,
				008F07F21AC5B25A0029DE68 /* main.jsbundle */,
				13B07FB71A68108700A75B9A /* main.m */,
				128748EC1BFDBD3100384F27 /* cyRCTVC.h */,
				128748ED1BFDBD3100384F27 /* cyRCTVC.m */,
				128748EF1BFDBF3F00384F27 /* cyRCT.h */,
				128748F01BFDBF3F00384F27 /* cyRCT.m */,
				12ED0FC41BFDD11700B7F7A6 /* cyRCTBridge.h */,
				12ED0FC51BFDD11700B7F7A6 /* cyRCTBridge.m */,
			);
			path = RNEmbeddedAppExample;
			sourceTree = "<group>";
		};
		55F3378F1B9A3973001852D9 /* ModalWithNavigator */ = {
			isa = PBXGroup;
			children = (
				55F3379C1B9A39C6001852D9 /* ModalWithNavigatorViewController.h */,
				55F3379D1B9A39C6001852D9 /* ModalWithNavigatorViewController.m */,
				55F3379E1B9A39C6001852D9 /* ModalWithNavigatorViewController.xib */,
				55F337A41B9A41C3001852D9 /* ModalWithNavigatorCoordinator.h */,
				55F337A51B9A41C3001852D9 /* ModalWithNavigatorCoordinator.m */,
			);
			name = ModalWithNavigator;
			sourceTree = "<group>";
		};
		55F3379A1B9A3989001852D9 /* ViewInVIew */ = {
			isa = PBXGroup;
			children = (
				55E165A01B97CF37006817EA /* ViewInViewController.h */,
				55E165A11B97CF37006817EA /* ViewInViewController.m */,
				55E165AD1B97D55C006817EA /* ViewInViewController.xib */,
			);
			name = ViewInVIew;
			sourceTree = "<group>";
		};
		55F3379B1B9A3990001852D9 /* PassingData */ = {
			isa = PBXGroup;
			children = (
				55E165AF1B97D878006817EA /* PassingDataViewController.h */,
				55E165B01B97D878006817EA /* PassingDataViewController.m */,
				55E165B11B97D878006817EA /* PassingDataViewController.xib */,
			);
			name = PassingData;
			sourceTree = "<group>";
		};
		83CBB9F61A601CBA00E9B192 = {
			isa = PBXGroup;
			children = (
				13B07FAE1A68108700A75B9A /* RNEmbeddedAppExample */,
				00E356EF1AD99517003FC87E /* RNEmbeddedAppExampleTests */,
				83CBBA001A601CBA00E9B192 /* Products */,
				B40E71BC0B05F80B75E855C5 /* Pods */,
				98D2CCFE24EAD5A4B8171C17 /* Frameworks */,
			);
			indentWidth = 2;
			sourceTree = "<group>";
			tabWidth = 2;
		};
		83CBBA001A601CBA00E9B192 /* Products */ = {
			isa = PBXGroup;
			children = (
				13B07F961A680F5B00A75B9A /* RNEmbeddedAppExample.app */,
			);
			name = Products;
			sourceTree = "<group>";
		};
		98D2CCFE24EAD5A4B8171C17 /* Frameworks */ = {
			isa = PBXGroup;
			children = (
				DAD0CDB1D83BECE6F55909D7 /* libPods.a */,
			);
			name = Frameworks;
			sourceTree = "<group>";
		};
		B40E71BC0B05F80B75E855C5 /* Pods */ = {
			isa = PBXGroup;
			children = (
				23F6D9E4608CA79DF5830F55 /* Pods.debug.xcconfig */,
				F9A8415F62BA7A2CE040A9BD /* Pods.release.xcconfig */,
			);
			name = Pods;
			sourceTree = "<group>";
		};
/* End PBXGroup section */

/* Begin PBXNativeTarget section */
		13B07F861A680F5B00A75B9A /* RNEmbeddedAppExample */ = {
			isa = PBXNativeTarget;
			buildConfigurationList = 13B07F931A680F5B00A75B9A /* Build configuration list for PBXNativeTarget "RNEmbeddedAppExample" */;
			buildPhases = (
				4474E6AAE314396F00F7DF41 /* Check Pods Manifest.lock */,
				13B07F871A680F5B00A75B9A /* Sources */,
				13B07F8C1A680F5B00A75B9A /* Frameworks */,
				13B07F8E1A680F5B00A75B9A /* Resources */,
				DA92DEC6107921DA11F8DB2A /* Copy Pods Resources */,
			);
			buildRules = (
			);
			dependencies = (
			);
			name = RNEmbeddedAppExample;
			productName = "Hello World";
			productReference = 13B07F961A680F5B00A75B9A /* RNEmbeddedAppExample.app */;
			productType = "com.apple.product-type.application";
		};
/* End PBXNativeTarget section */

/* Begin PBXProject section */
		83CBB9F71A601CBA00E9B192 /* Project object */ = {
			isa = PBXProject;
			attributes = {
				LastUpgradeCheck = 0610;
				ORGANIZATIONNAME = Facebook;
			};
			buildConfigurationList = 83CBB9FA1A601CBA00E9B192 /* Build configuration list for PBXProject "RNEmbeddedAppExample" */;
			compatibilityVersion = "Xcode 3.2";
			developmentRegion = English;
			hasScannedForEncodings = 0;
			knownRegions = (
				en,
				Base,
			);
			mainGroup = 83CBB9F61A601CBA00E9B192;
			productRefGroup = 83CBBA001A601CBA00E9B192 /* Products */;
			projectDirPath = "";
			projectRoot = "";
			targets = (
				13B07F861A680F5B00A75B9A /* RNEmbeddedAppExample */,
			);
		};
/* End PBXProject section */

/* Begin PBXResourcesBuildPhase section */
		13B07F8E1A680F5B00A75B9A /* Resources */ = {
			isa = PBXResourcesBuildPhase;
			buildActionMask = 2147483647;
			files = (
				55E165AE1B97D55C006817EA /* ViewInViewController.xib in Resources */,
				008F07F31AC5B25A0029DE68 /* main.jsbundle in Resources */,
				55E165B31B97D878006817EA /* PassingDataViewController.xib in Resources */,
				13B07FBF1A68108700A75B9A /* Images.xcassets in Resources */,
				13B07FBD1A68108700A75B9A /* LaunchScreen.xib in Resources */,
				55F337A01B9A39C6001852D9 /* ModalWithNavigatorViewController.xib in Resources */,
				554BCDE71B97AD11000A22EB /* MenuViewController.xib in Resources */,
			);
			runOnlyForDeploymentPostprocessing = 0;
		};
/* End PBXResourcesBuildPhase section */

/* Begin PBXShellScriptBuildPhase section */
		4474E6AAE314396F00F7DF41 /* Check Pods Manifest.lock */ = {
			isa = PBXShellScriptBuildPhase;
			buildActionMask = 2147483647;
			files = (
			);
			inputPaths = (
			);
			name = "Check Pods Manifest.lock";
			outputPaths = (
			);
			runOnlyForDeploymentPostprocessing = 0;
			shellPath = /bin/sh;
			shellScript = "diff \"${PODS_ROOT}/../Podfile.lock\" \"${PODS_ROOT}/Manifest.lock\" > /dev/null\nif [[ $? != 0 ]] ; then\n    cat << EOM\nerror: The sandbox is not in sync with the Podfile.lock. Run 'pod install' or update your CocoaPods installation.\nEOM\n    exit 1\nfi\n";
			showEnvVarsInLog = 0;
		};
		DA92DEC6107921DA11F8DB2A /* Copy Pods Resources */ = {
			isa = PBXShellScriptBuildPhase;
			buildActionMask = 2147483647;
			files = (
			);
			inputPaths = (
			);
			name = "Copy Pods Resources";
			outputPaths = (
			);
			runOnlyForDeploymentPostprocessing = 0;
			shellPath = /bin/sh;
			shellScript = "\"${SRCROOT}/Pods/Target Support Files/Pods/Pods-resources.sh\"\n";
			showEnvVarsInLog = 0;
		};
/* End PBXShellScriptBuildPhase section */

/* Begin PBXSourcesBuildPhase section */
		13B07F871A680F5B00A75B9A /* Sources */ = {
			isa = PBXSourcesBuildPhase;
			buildActionMask = 2147483647;
			files = (
				13B07FBC1A68108700A75B9A /* AppDelegate.m in Sources */,
				128748F11BFDBF3F00384F27 /* cyRCT.m in Sources */,
				55E165B21B97D878006817EA /* PassingDataViewController.m in Sources */,
				55F3379F1B9A39C6001852D9 /* ModalWithNavigatorViewController.m in Sources */,
				554BCDE61B97AD11000A22EB /* MenuViewController.m in Sources */,
				55E165A21B97CF37006817EA /* ViewInViewController.m in Sources */,
				55F337A61B9A41C3001852D9 /* ModalWithNavigatorCoordinator.m in Sources */,
				128748EE1BFDBD3100384F27 /* cyRCTVC.m in Sources */,
				13B07FC11A68108700A75B9A /* main.m in Sources */,
				12ED0FC61BFDD11700B7F7A6 /* cyRCTBridge.m in Sources */,
			);
			runOnlyForDeploymentPostprocessing = 0;
		};
/* End PBXSourcesBuildPhase section */

/* Begin PBXVariantGroup section */
		13B07FB11A68108700A75B9A /* LaunchScreen.xib */ = {
			isa = PBXVariantGroup;
			children = (
				13B07FB21A68108700A75B9A /* Base */,
			);
			name = LaunchScreen.xib;
			sourceTree = "<group>";
		};
/* End PBXVariantGroup section */

/* Begin XCBuildConfiguration section */
		13B07F941A680F5B00A75B9A /* Debug */ = {
			isa = XCBuildConfiguration;
			baseConfigurationReference = 23F6D9E4608CA79DF5830F55 /* Pods.debug.xcconfig */;
			buildSettings = {
				ASSETCATALOG_COMPILER_APPICON_NAME = AppIcon;
				HEADER_SEARCH_PATHS = (
					"$(inherited)",
					/Applications/Xcode.app/Contents/Developer/Toolchains/XcodeDefault.xctoolchain/usr/include,
					"$(SRCROOT)/../node_modules/react-native/React/**",
				);
				INFOPLIST_FILE = "$(SRCROOT)/RNEmbeddedAppExample/Info.plist";
				LD_RUNPATH_SEARCH_PATHS = "$(inherited) @executable_path/Frameworks";
				OTHER_LDFLAGS = (
					"-ObjC",
					"$(inherited)",
				);
				PRODUCT_NAME = RNEmbeddedAppExample;
			};
			name = Debug;
		};
		13B07F951A680F5B00A75B9A /* Release */ = {
			isa = XCBuildConfiguration;
			baseConfigurationReference = F9A8415F62BA7A2CE040A9BD /* Pods.release.xcconfig */;
			buildSettings = {
				ASSETCATALOG_COMPILER_APPICON_NAME = AppIcon;
				HEADER_SEARCH_PATHS = (
					"$(inherited)",
					/Applications/Xcode.app/Contents/Developer/Toolchains/XcodeDefault.xctoolchain/usr/include,
					"$(SRCROOT)/../node_modules/react-native/React/**",
				);
				INFOPLIST_FILE = "$(SRCROOT)/RNEmbeddedAppExample/Info.plist";
				LD_RUNPATH_SEARCH_PATHS = "$(inherited) @executable_path/Frameworks";
				OTHER_LDFLAGS = (
					"-ObjC",
					"$(inherited)",
				);
				PRODUCT_NAME = RNEmbeddedAppExample;
			};
			name = Release;
		};
		83CBBA201A601CBA00E9B192 /* Debug */ = {
			isa = XCBuildConfiguration;
			buildSettings = {
				ALWAYS_SEARCH_USER_PATHS = NO;
				CLANG_CXX_LANGUAGE_STANDARD = "gnu++0x";
				CLANG_CXX_LIBRARY = "libc++";
				CLANG_ENABLE_MODULES = YES;
				CLANG_ENABLE_OBJC_ARC = YES;
				CLANG_WARN_BOOL_CONVERSION = YES;
				CLANG_WARN_CONSTANT_CONVERSION = YES;
				CLANG_WARN_DIRECT_OBJC_ISA_USAGE = YES_ERROR;
				CLANG_WARN_EMPTY_BODY = YES;
				CLANG_WARN_ENUM_CONVERSION = YES;
				CLANG_WARN_INT_CONVERSION = YES;
				CLANG_WARN_OBJC_ROOT_CLASS = YES_ERROR;
				CLANG_WARN_UNREACHABLE_CODE = YES;
				CLANG_WARN__DUPLICATE_METHOD_MATCH = YES;
				"CODE_SIGN_IDENTITY[sdk=iphoneos*]" = "iPhone Developer";
				COPY_PHASE_STRIP = NO;
				ENABLE_STRICT_OBJC_MSGSEND = YES;
				GCC_C_LANGUAGE_STANDARD = gnu99;
				GCC_DYNAMIC_NO_PIC = NO;
				GCC_OPTIMIZATION_LEVEL = 0;
				GCC_PREPROCESSOR_DEFINITIONS = (
					"DEBUG=1",
					"$(inherited)",
				);
				GCC_SYMBOLS_PRIVATE_EXTERN = NO;
				GCC_WARN_64_TO_32_BIT_CONVERSION = YES;
				GCC_WARN_ABOUT_RETURN_TYPE = YES_ERROR;
				GCC_WARN_UNDECLARED_SELECTOR = YES;
				GCC_WARN_UNINITIALIZED_AUTOS = YES_AGGRESSIVE;
				GCC_WARN_UNUSED_FUNCTION = YES;
				GCC_WARN_UNUSED_VARIABLE = YES;
				HEADER_SEARCH_PATHS = (
					"$(inherited)",
					/Applications/Xcode.app/Contents/Developer/Toolchains/XcodeDefault.xctoolchain/usr/include,
					"$(SRCROOT)/../node_modules/react-native/React/**",
				);
				IPHONEOS_DEPLOYMENT_TARGET = 7.0;
				MTL_ENABLE_DEBUG_INFO = YES;
				ONLY_ACTIVE_ARCH = YES;
				SDKROOT = iphoneos;
			};
			name = Debug;
		};
		83CBBA211A601CBA00E9B192 /* Release */ = {
			isa = XCBuildConfiguration;
			buildSettings = {
				ALWAYS_SEARCH_USER_PATHS = NO;
				CLANG_CXX_LANGUAGE_STANDARD = "gnu++0x";
				CLANG_CXX_LIBRARY = "libc++";
				CLANG_ENABLE_MODULES = YES;
				CLANG_ENABLE_OBJC_ARC = YES;
				CLANG_WARN_BOOL_CONVERSION = YES;
				CLANG_WARN_CONSTANT_CONVERSION = YES;
				CLANG_WARN_DIRECT_OBJC_ISA_USAGE = YES_ERROR;
				CLANG_WARN_EMPTY_BODY = YES;
				CLANG_WARN_ENUM_CONVERSION = YES;
				CLANG_WARN_INT_CONVERSION = YES;
				CLANG_WARN_OBJC_ROOT_CLASS = YES_ERROR;
				CLANG_WARN_UNREACHABLE_CODE = YES;
				CLANG_WARN__DUPLICATE_METHOD_MATCH = YES;
				"CODE_SIGN_IDENTITY[sdk=iphoneos*]" = "iPhone Developer";
				COPY_PHASE_STRIP = YES;
				ENABLE_NS_ASSERTIONS = NO;
				ENABLE_STRICT_OBJC_MSGSEND = YES;
				GCC_C_LANGUAGE_STANDARD = gnu99;
				GCC_WARN_64_TO_32_BIT_CONVERSION = YES;
				GCC_WARN_ABOUT_RETURN_TYPE = YES_ERROR;
				GCC_WARN_UNDECLARED_SELECTOR = YES;
				GCC_WARN_UNINITIALIZED_AUTOS = YES_AGGRESSIVE;
				GCC_WARN_UNUSED_FUNCTION = YES;
				GCC_WARN_UNUSED_VARIABLE = YES;
				HEADER_SEARCH_PATHS = (
					"$(inherited)",
					/Applications/Xcode.app/Contents/Developer/Toolchains/XcodeDefault.xctoolchain/usr/include,
					"$(SRCROOT)/../node_modules/react-native/React/**",
				);
				IPHONEOS_DEPLOYMENT_TARGET = 7.0;
				MTL_ENABLE_DEBUG_INFO = NO;
				SDKROOT = iphoneos;
				VALIDATE_PRODUCT = YES;
			};
			name = Release;
		};
/* End XCBuildConfiguration section */

/* Begin XCConfigurationList section */
		13B07F931A680F5B00A75B9A /* Build configuration list for PBXNativeTarget "RNEmbeddedAppExample" */ = {
			isa = XCConfigurationList;
			buildConfigurations = (
				13B07F941A680F5B00A75B9A /* Debug */,
				13B07F951A680F5B00A75B9A /* Release */,
			);
			defaultConfigurationIsVisible = 0;
			defaultConfigurationName = Release;
		};
		83CBB9FA1A601CBA00E9B192 /* Build configuration list for PBXProject "RNEmbeddedAppExample" */ = {
			isa = XCConfigurationList;
			buildConfigurations = (
				83CBBA201A601CBA00E9B192 /* Debug */,
				83CBBA211A601CBA00E9B192 /* Release */,
			);
			defaultConfigurationIsVisible = 0;
			defaultConfigurationName = Release;
		};
/* End XCConfigurationList section */
	};
	rootObject = 83CBB9F71A601CBA00E9B192 /* Project object */;
}
